{
  "lib/ZAMM": {
    "rev": "f1a2dc3151c0d746b812e4409f96b06afc7996d8"
  },
  "lib/abdk-libraries-solidity": {
    "rev": "5e1e7c11b35f8313d3f7ce11c1b86320d7c0b554"
  },
  "lib/forge-std": {
    "rev": "8ba9031ffcbe25aa0d1224d3ca263a995026e477"
  },
  "lib/solady": {
    "rev": "c9e079c0ca836dcc52777a1fa7227ef28e3537b3"
  }
}